
Microsoft Visual Studio Solution File, Format Version 12.00
# Visual Studio 15
VisualStudioVersion = 15.0.26124.0
MinimumVisualStudioVersion = 15.0.26124.0
Project("{FAE04EC0-301F-11D3-BF4B-00C04F79EFBC}") = "Core", "Core\Core.csproj", "{4A3DD00B-3F9A-4116-AE68-A2224ED662A7}"
EndProject
Project("{FAE04EC0-301F-11D3-BF4B-00C04F79EFBC}") = "Integration.EntityFramework", "Integration.EntityFramework\Integration.EntityFramework.csproj", "{6723EAED-FEDA-4D1F-AF29-0CD75A81CE4A}"
EndProject
Project("{FAE04EC0-301F-11D3-BF4B-00C04F79EFBC}") = "Test.Integration", "Test.Integration\Test.Integration.csproj", "{8A6C39D0-1CF5-49E4-B29A-39F723A5036D}"
EndProject
Project("{FAE04EC0-301F-11D3-BF4B-00C04F79EFBC}") = "Test.Unit", "Test.Unit\Test.Unit.csproj", "{72F4449C-D020-4502-9B65-B9A27E8B6726}"
EndProject
Project("{FAE04EC0-301F-11D3-BF4B-00C04F79EFBC}") = "Web", "Web\Web.csproj", "{1C1A63C2-7DAA-405C-8DAE-DBA6F34CB6C5}"
EndProject
Global
	GlobalSection(SolutionConfigurationPlatforms) = preSolution
		Debug|Any CPU = Debug|Any CPU
		Debug|x64 = Debug|x64
		Debug|x86 = Debug|x86
		Release|Any CPU = Release|Any CPU
		Release|x64 = Release|x64
		Release|x86 = Release|x86
	EndGlobalSection
	GlobalSection(SolutionProperties) = preSolution
		HideSolutionNode = FALSE
	EndGlobalSection
	GlobalSection(ProjectConfigurationPlatforms) = postSolution
		{1C1A63C2-7DAA-405C-8DAE-DBA6F34CB6C5}.Debug|Any CPU.ActiveCfg = Debug|Any CPU
		{1C1A63C2-7DAA-405C-8DAE-DBA6F34CB6C5}.Debug|Any CPU.Build.0 = Debug|Any CPU
		{1C1A63C2-7DAA-405C-8DAE-DBA6F34CB6C5}.Release|Any CPU.ActiveCfg = Release|Any CPU
		{1C1A63C2-7DAA-405C-8DAE-DBA6F34CB6C5}.Release|Any CPU.Build.0 = Release|Any CPU
		{72F4449C-D020-4502-9B65-B9A27E8B6726}.Debug|Any CPU.ActiveCfg = Debug|Any CPU
		{72F4449C-D020-4502-9B65-B9A27E8B6726}.Debug|Any CPU.Build.0 = Debug|Any CPU
		{72F4449C-D020-4502-9B65-B9A27E8B6726}.Release|Any CPU.ActiveCfg = Release|Any CPU
		{72F4449C-D020-4502-9B65-B9A27E8B6726}.Release|Any CPU.Build.0 = Release|Any CPU
		{6723EAED-FEDA-4D1F-AF29-0CD75A81CE4A}.Debug|Any CPU.ActiveCfg = Debug|Any CPU
		{6723EAED-FEDA-4D1F-AF29-0CD75A81CE4A}.Debug|Any CPU.Build.0 = Debug|Any CPU
		{6723EAED-FEDA-4D1F-AF29-0CD75A81CE4A}.Release|Any CPU.ActiveCfg = Release|Any CPU
		{6723EAED-FEDA-4D1F-AF29-0CD75A81CE4A}.Release|Any CPU.Build.0 = Release|Any CPU
		{4A3DD00B-3F9A-4116-AE68-A2224ED662A7}.Debug|Any CPU.ActiveCfg = Debug|Any CPU
		{4A3DD00B-3F9A-4116-AE68-A2224ED662A7}.Debug|Any CPU.Build.0 = Debug|Any CPU
		{4A3DD00B-3F9A-4116-AE68-A2224ED662A7}.Release|Any CPU.ActiveCfg = Release|Any CPU
		{4A3DD00B-3F9A-4116-AE68-A2224ED662A7}.Release|Any CPU.Build.0 = Release|Any CPU
		{8A6C39D0-1CF5-49E4-B29A-39F723A5036D}.Debug|Any CPU.ActiveCfg = Debug|Any CPU
		{8A6C39D0-1CF5-49E4-B29A-39F723A5036D}.Debug|Any CPU.Build.0 = Debug|Any CPU
		{8A6C39D0-1CF5-49E4-B29A-39F723A5036D}.Release|Any CPU.ActiveCfg = Release|Any CPU
		{8A6C39D0-1CF5-49E4-B29A-39F723A5036D}.Release|Any CPU.Build.0 = Release|Any CPU
	EndGlobalSection
EndGlobal
